
Microsoft Visual Studio Solution File, Format Version 12.00
# Visual Studio Version 17
VisualStudioVersion = 17.14.36915.13 d17.14
MinimumVisualStudioVersion = 10.0.40219.1
Project("{FAE04EC0-301F-11D3-BF4B-00C04F79EFBC}") = "P_EF_01", "P_EF_01\P_EF_01.csproj", "{D2CD97AE-86E9-44B6-AC96-1650848B7F1D}"
EndProject
Global
	GlobalSection(SolutionConfigurationPlatforms) = preSolution
		Debug|Any CPU = Debug|Any CPU
		Release|Any CPU = Release|Any CPU
	EndGlobalSection
	GlobalSection(ProjectConfigurationPlatforms) = postSolution
		{D2CD97AE-86E9-44B6-AC96-1650848B7F1D}.Debug|Any CPU.ActiveCfg = Debug|Any CPU
		{D2CD97AE-86E9-44B6-AC96-1650848B7F1D}.Debug|Any CPU.Build.0 = Debug|Any CPU
		{D2CD97AE-86E9-44B6-AC96-1650848B7F1D}.Release|Any CPU.ActiveCfg = Release|Any CPU
		{D2CD97AE-86E9-44B6-AC96-1650848B7F1D}.Release|Any CPU.Build.0 = Release|Any CPU
	EndGlobalSection
	GlobalSection(SolutionProperties) = preSolution
		HideSolutionNode = FALSE
	EndGlobalSection
	GlobalSection(ExtensibilityGlobals) = postSolution
		SolutionGuid = {72E08F4F-5D0C-4C44-9BD2-D9DC5BE68C47}
	EndGlobalSection
EndGlobal
